
Microsoft Visual Studio Solution File, Format Version 12.00
# Visual Studio 2013
VisualStudioVersion = 12.0.31101.0
MinimumVisualStudioVersion = 10.0.40219.1
Project("{FAE04EC0-301F-11D3-BF4B-00C04F79EFBC}") = "DemoUnitTest", "DemoUnitTest\DemoUnitTest.csproj", "{71ADD22D-5B5B-48A8-B90A-85B3D1030FB7}"
EndProject
Project("{FAE04EC0-301F-11D3-BF4B-00C04F79EFBC}") = "PeoplesRepo", "PeoplesRepo\PeoplesRepo.csproj", "{7006EDA6-95ED-4A62-A28E-1D6BCC2A48BC}"
EndProject
Project("{FAE04EC0-301F-11D3-BF4B-00C04F79EFBC}") = "PeoplesRepo.Tests", "PeoplesRepo.Tests\PeoplesRepo.Tests.csproj", "{22F38DC2-8184-4E1F-BE79-BC4A07D34446}"
EndProject
Project("{FAE04EC0-301F-11D3-BF4B-00C04F79EFBC}") = "School", "School\School.csproj", "{8B240F30-E250-45D4-9FB1-7D13008B9E77}"
EndProject
Project("{FAE04EC0-301F-11D3-BF4B-00C04F79EFBC}") = "School.Tests", "School.Tests\School.Tests.csproj", "{508924B1-8B06-4E95-A673-976559428FA4}"
EndProject
Global
	GlobalSection(SolutionConfigurationPlatforms) = preSolution
		Debug|Any CPU = Debug|Any CPU
		Release|Any CPU = Release|Any CPU
	EndGlobalSection
	GlobalSection(ProjectConfigurationPlatforms) = postSolution
		{71ADD22D-5B5B-48A8-B90A-85B3D1030FB7}.Debug|Any CPU.ActiveCfg = Debug|Any CPU
		{71ADD22D-5B5B-48A8-B90A-85B3D1030FB7}.Debug|Any CPU.Build.0 = Debug|Any CPU
		{71ADD22D-5B5B-48A8-B90A-85B3D1030FB7}.Release|Any CPU.ActiveCfg = Release|Any CPU
		{71ADD22D-5B5B-48A8-B90A-85B3D1030FB7}.Release|Any CPU.Build.0 = Release|Any CPU
		{7006EDA6-95ED-4A62-A28E-1D6BCC2A48BC}.Debug|Any CPU.ActiveCfg = Debug|Any CPU
		{7006EDA6-95ED-4A62-A28E-1D6BCC2A48BC}.Debug|Any CPU.Build.0 = Debug|Any CPU
		{7006EDA6-95ED-4A62-A28E-1D6BCC2A48BC}.Release|Any CPU.ActiveCfg = Release|Any CPU
		{7006EDA6-95ED-4A62-A28E-1D6BCC2A48BC}.Release|Any CPU.Build.0 = Release|Any CPU
		{22F38DC2-8184-4E1F-BE79-BC4A07D34446}.Debug|Any CPU.ActiveCfg = Debug|Any CPU
		{22F38DC2-8184-4E1F-BE79-BC4A07D34446}.Debug|Any CPU.Build.0 = Debug|Any CPU
		{22F38DC2-8184-4E1F-BE79-BC4A07D34446}.Release|Any CPU.ActiveCfg = Release|Any CPU
		{22F38DC2-8184-4E1F-BE79-BC4A07D34446}.Release|Any CPU.Build.0 = Release|Any CPU
		{8B240F30-E250-45D4-9FB1-7D13008B9E77}.Debug|Any CPU.ActiveCfg = Debug|Any CPU
		{8B240F30-E250-45D4-9FB1-7D13008B9E77}.Debug|Any CPU.Build.0 = Debug|Any CPU
		{8B240F30-E250-45D4-9FB1-7D13008B9E77}.Release|Any CPU.ActiveCfg = Release|Any CPU
		{8B240F30-E250-45D4-9FB1-7D13008B9E77}.Release|Any CPU.Build.0 = Release|Any CPU
		{508924B1-8B06-4E95-A673-976559428FA4}.Debug|Any CPU.ActiveCfg = Debug|Any CPU
		{508924B1-8B06-4E95-A673-976559428FA4}.Debug|Any CPU.Build.0 = Debug|Any CPU
		{508924B1-8B06-4E95-A673-976559428FA4}.Release|Any CPU.ActiveCfg = Release|Any CPU
		{508924B1-8B06-4E95-A673-976559428FA4}.Release|Any CPU.Build.0 = Release|Any CPU
	EndGlobalSection
	GlobalSection(SolutionProperties) = preSolution
		HideSolutionNode = FALSE
	EndGlobalSection
EndGlobal
